
Microsoft Visual Studio Solution File, Format Version 12.00
# Visual Studio Version 17
VisualStudioVersion = 17.9.34407.89
MinimumVisualStudioVersion = 10.0.40219.1
Project("{FAE04EC0-301F-11D3-BF4B-00C04F79EFBC}") = "JWT_Auth_WebAPI", "JWT_Auth_WebAPI\JWT_Auth_WebAPI.csproj", "{AE066723-9058-42B7-9137-4F47CE4D2FFA}"
EndProject
Global
	GlobalSection(SolutionConfigurationPlatforms) = preSolution
		Debug|Any CPU = Debug|Any CPU
		Release|Any CPU = Release|Any CPU
	EndGlobalSection
	GlobalSection(ProjectConfigurationPlatforms) = postSolution
		{AE066723-9058-42B7-9137-4F47CE4D2FFA}.Debug|Any CPU.ActiveCfg = Debug|Any CPU
		{AE066723-9058-42B7-9137-4F47CE4D2FFA}.Debug|Any CPU.Build.0 = Debug|Any CPU
		{AE066723-9058-42B7-9137-4F47CE4D2FFA}.Release|Any CPU.ActiveCfg = Release|Any CPU
		{AE066723-9058-42B7-9137-4F47CE4D2FFA}.Release|Any CPU.Build.0 = Release|Any CPU
	EndGlobalSection
	GlobalSection(SolutionProperties) = preSolution
		HideSolutionNode = FALSE
	EndGlobalSection
	GlobalSection(ExtensibilityGlobals) = postSolution
		SolutionGuid = {3F0FCAB7-3D5B-4DAF-A58C-FD07C09849DC}
	EndGlobalSection
EndGlobal
